// !$*UTF8*$!
{
	archiveVersion = 1;
	classes = {
	};
	objectVersion = 56;
	objects = {

/* Begin PBXBuildFile section */
		05AF05EC708F0232F3E7E22B /* SparkColors.swift in Sources */ = {isa = PBXBuildFile; fileRef = AE25E748B7FD36FA3FEFAAD1 /* SparkColors.swift */; };
		0C9CEB5B9873F00953B521DA /* AuriScene.swift in Sources */ = {isa = PBXBuildFile; fileRef = D362CF7E254BA012A1D7C39A /* AuriScene.swift */; };
		0CBE285A49C66A30F74A186B /* AmbientMoteSystem.swift in Sources */ = {isa = PBXBuildFile; fileRef = 9CAF714F02DC77ED1E4E8099 /* AmbientMoteSystem.swift */; };
		A1D1E7B1C3F4A5E6B7D8C9F1 /* DietBadge.swift in Sources */ = {isa = PBXBuildFile; fileRef = A1D1E7B0C3F4A5E6B7D8C9F0 /* DietBadge.swift */; };
		C2E3F8A5D5B6C7E8F9A0B1D3 /* DietPickerSheet.swift in Sources */ = {isa = PBXBuildFile; fileRef = C2E3F8A4D5B6C7E8F9A0B1D2 /* DietPickerSheet.swift */; };
		D3F4A5B7C7E8F9A0B1D2E3F5 /* GlassStyle.swift in Sources */ = {isa = PBXBuildFile; fileRef = D3F4A5B6C7E8F9A0B1D2E3F4 /* GlassStyle.swift */; };
		4FC44C2D83563532694D09AA /* AuriView.swift in Sources */ = {isa = PBXBuildFile; fileRef = 4DC7CB5D5DAC6523E5FD751D /* AuriView.swift */; };
		7A7F02BCCE67313828759C7D /* TierTransitionEffect.swift in Sources */ = {isa = PBXBuildFile; fileRef = B1499F471A26B9C490985AD2 /* TierTransitionEffect.swift */; };
		8D186C37E93D82FD0DCCB047 /* MultiFrequencyPulse.swift in Sources */ = {isa = PBXBuildFile; fileRef = D3EA8EA4976A5DFF255DD36A /* MultiFrequencyPulse.swift */; };
		9CE3FABBB962E37E767F21E9 /* OrbTier.swift in Sources */ = {isa = PBXBuildFile; fileRef = F0B39317CCC1E724E2CFFCCB /* OrbTier.swift */; };
		B1000001BBBBBBBB00000001 /* AuriApp.swift in Sources */ = {isa = PBXBuildFile; fileRef = B1000011BBBBBBBB00000011 /* AuriApp.swift */; };
		B1000003BBBBBBBB00000003 /* Assets.xcassets in Resources */ = {isa = PBXBuildFile; fileRef = B1000013BBBBBBBB00000013 /* Assets.xcassets */; };
		B1000004BBBBBBBB00000004 /* Meal.swift in Sources */ = {isa = PBXBuildFile; fileRef = B1000014BBBBBBBB00000014 /* Meal.swift */; };
		B1000005BBBBBBBB00000005 /* UserSettings.swift in Sources */ = {isa = PBXBuildFile; fileRef = B1000015BBBBBBBB00000015 /* UserSettings.swift */; };
		B1000006BBBBBBBB00000006 /* AdherenceState.swift in Sources */ = {isa = PBXBuildFile; fileRef = B1000016BBBBBBBB00000016 /* AdherenceState.swift */; };
		B1000007BBBBBBBB00000007 /* MealSource.swift in Sources */ = {isa = PBXBuildFile; fileRef = B1000017BBBBBBBB00000017 /* MealSource.swift */; };
		B1000008BBBBBBBB00000008 /* DietaryGoal.swift in Sources */ = {isa = PBXBuildFile; fileRef = B1000018BBBBBBBB00000018 /* DietaryGoal.swift */; };
		B100000ABBBBBBBB0000000A /* PrivacyInfo.xcprivacy in Resources */ = {isa = PBXBuildFile; fileRef = B100001ABBBBBBBB0000001A /* PrivacyInfo.xcprivacy */; };
		B100000BBBBBBBBB0000000B /* AuriTests.swift in Sources */ = {isa = PBXBuildFile; fileRef = B100001BBBBBBBBB0000001B /* AuriTests.swift */; };
		B1000080BBBBBBBB00000080 /* MealService.swift in Sources */ = {isa = PBXBuildFile; fileRef = B1000090BBBBBBBB00000090 /* MealService.swift */; };
		B1000081BBBBBBBB00000081 /* AdherenceEngine.swift in Sources */ = {isa = PBXBuildFile; fileRef = B1000091BBBBBBBB00000091 /* AdherenceEngine.swift */; };
		B1000082BBBBBBBB00000082 /* UserPreferencesService.swift in Sources */ = {isa = PBXBuildFile; fileRef = B1000092BBBBBBBB00000092 /* UserPreferencesService.swift */; };
		B1000083BBBBBBBB00000083 /* ServiceTests.swift in Sources */ = {isa = PBXBuildFile; fileRef = B1000093BBBBBBBB00000093 /* ServiceTests.swift */; };
		B1473001BBBBBBBB00473001 /* Environment+Extensions.swift in Sources */ = {isa = PBXBuildFile; fileRef = B1473011BBBBBBBB00473011 /* Environment+Extensions.swift */; };
		B1473002BBBBBBBB00473002 /* RootView.swift in Sources */ = {isa = PBXBuildFile; fileRef = B1473012BBBBBBBB00473012 /* RootView.swift */; };
		B1473003BBBBBBBB00473003 /* MainView.swift in Sources */ = {isa = PBXBuildFile; fileRef = B1473013BBBBBBBB00473013 /* MainView.swift */; };
		B1473004BBBBBBBB00473004 /* CoreView.swift in Sources */ = {isa = PBXBuildFile; fileRef = B1473014BBBBBBBB00473014 /* CoreView.swift */; };
		B1473005BBBBBBBB00473005 /* LogMealView.swift in Sources */ = {isa = PBXBuildFile; fileRef = B1473015BBBBBBBB00473015 /* LogMealView.swift */; };
		B1473006BBBBBBBB00473006 /* DataView.swift in Sources */ = {isa = PBXBuildFile; fileRef = B1473016BBBBBBBB00473016 /* DataView.swift */; };
		B1473007BBBBBBBB00473007 /* OnboardingView.swift in Sources */ = {isa = PBXBuildFile; fileRef = B1473017BBBBBBBB00473017 /* OnboardingView.swift */; };
		B1475001BBBBBBBB00475001 /* SpinnerPhysics.swift in Sources */ = {isa = PBXBuildFile; fileRef = B1475011BBBBBBBB00475011 /* SpinnerPhysics.swift */; };
		B1475002BBBBBBBB00475002 /* MotionManager.swift in Sources */ = {isa = PBXBuildFile; fileRef = B1475012BBBBBBBB00475012 /* MotionManager.swift */; };
		B1476001BBBBBBBB00476001 /* StateInterpolator.swift in Sources */ = {isa = PBXBuildFile; fileRef = B1476011BBBBBBBB00476011 /* StateInterpolator.swift */; };
		B1477001BBBBBBBB00477001 /* CameraView.swift in Sources */ = {isa = PBXBuildFile; fileRef = B1477011BBBBBBBB00477011 /* CameraView.swift */; };
		B1477002BBBBBBBB00477002 /* PhotoCaptureSection.swift in Sources */ = {isa = PBXBuildFile; fileRef = B1477012BBBBBBBB00477012 /* PhotoCaptureSection.swift */; };
		B1477003BBBBBBBB00477003 /* TextEntrySection.swift in Sources */ = {isa = PBXBuildFile; fileRef = B1477013BBBBBBBB00477013 /* TextEntrySection.swift */; };
		B1477004BBBBBBBB00477004 /* TrackingButtons.swift in Sources */ = {isa = PBXBuildFile; fileRef = B1477014BBBBBBBB00477014 /* TrackingButtons.swift */; };
		B1478001BBBBBBBB00478001 /* CoreHUD.swift in Sources */ = {isa = PBXBuildFile; fileRef = B1478011BBBBBBBB00478011 /* CoreHUD.swift */; };
		B1478002BBBBBBBB00478002 /* CoreTooltip.swift in Sources */ = {isa = PBXBuildFile; fileRef = B1478012BBBBBBBB00478012 /* CoreTooltip.swift */; };
		B1478003BBBBBBBB00478003 /* DataViewButton.swift in Sources */ = {isa = PBXBuildFile; fileRef = B1478013BBBBBBBB00478013 /* DataViewButton.swift */; };
		B1479001BBBBBBBB00479001 /* MetricCard.swift in Sources */ = {isa = PBXBuildFile; fileRef = B1479011BBBBBBBB00479011 /* MetricCard.swift */; };
		B1479002BBBBBBBB00479002 /* MetricsSection.swift in Sources */ = {isa = PBXBuildFile; fileRef = B1479012BBBBBBBB00479012 /* MetricsSection.swift */; };
		B1479003BBBBBBBB00479003 /* EmptyHistoryView.swift in Sources */ = {isa = PBXBuildFile; fileRef = B1479013BBBBBBBB00479013 /* EmptyHistoryView.swift */; };
		B1479004BBBBBBBB00479004 /* MealThumbnail.swift in Sources */ = {isa = PBXBuildFile; fileRef = B1479014BBBBBBBB00479014 /* MealThumbnail.swift */; };
		B1479005BBBBBBBB00479005 /* MealRow.swift in Sources */ = {isa = PBXBuildFile; fileRef = B1479015BBBBBBBB00479015 /* MealRow.swift */; };
		B1479006BBBBBBBB00479006 /* DaySection.swift in Sources */ = {isa = PBXBuildFile; fileRef = B1479016BBBBBBBB00479016 /* DaySection.swift */; };
		B1479007BBBBBBBB00479007 /* MealHistorySection.swift in Sources */ = {isa = PBXBuildFile; fileRef = B1479017BBBBBBBB00479017 /* MealHistorySection.swift */; };
		B1480001BBBBBBBB00480001 /* WelcomeStep.swift in Sources */ = {isa = PBXBuildFile; fileRef = B1480011BBBBBBBB00480011 /* WelcomeStep.swift */; };
		B1480002BBBBBBBB00480002 /* GoalButton.swift in Sources */ = {isa = PBXBuildFile; fileRef = B1480012BBBBBBBB00480012 /* GoalButton.swift */; };
		B1480003BBBBBBBB00480003 /* GoalSelectionStep.swift in Sources */ = {isa = PBXBuildFile; fileRef = B1480013BBBBBBBB00480013 /* GoalSelectionStep.swift */; };
		B1480004BBBBBBBB00480004 /* CoreTutorialStep.swift in Sources */ = {isa = PBXBuildFile; fileRef = B1480014BBBBBBBB00480014 /* CoreTutorialStep.swift */; };
		B1480005BBBBBBBB00480005 /* FirstMealPromptStep.swift in Sources */ = {isa = PBXBuildFile; fileRef = B1480015BBBBBBBB00480015 /* FirstMealPromptStep.swift */; };
		B1481372BBBBBBBB00481418 /* ThermalManager.swift in Sources */ = {isa = PBXBuildFile; fileRef = B1481E3BBBBBBBBB00481BFC /* ThermalManager.swift */; };
		B1481421BBBBBBBB00481525 /* HapticsManager.swift in Sources */ = {isa = PBXBuildFile; fileRef = B148122DBBBBBBBB004818A7 /* HapticsManager.swift */; };
		B1481924BBBBBBBB00481ADC /* ReducedMotionSupport.swift in Sources */ = {isa = PBXBuildFile; fileRef = B1481BAEBBBBBBBB0048149A /* ReducedMotionSupport.swift */; };
		E356EFE08000515E5E404063 /* Spark.swift in Sources */ = {isa = PBXBuildFile; fileRef = 04AFA3C914787350B0A8E61F /* Spark.swift */; };
/* End PBXBuildFile section */

/* Begin PBXContainerItemProxy section */
		B100000CBBBBBBBB0000000C /* PBXContainerItemProxy */ = {
			isa = PBXContainerItemProxy;
			containerPortal = B1000000BBBBBBBB00000000 /* Project object */;
			proxyType = 1;
			remoteGlobalIDString = B1000050BBBBBBBB00000050;
			remoteInfo = Auri;
		};
/* End PBXContainerItemProxy section */

/* Begin PBXFileReference section */
		04AFA3C914787350B0A8E61F /* Spark.swift */ = {isa = PBXFileReference; includeInIndex = 1; lastKnownFileType = sourcecode.swift; path = Spark.swift; sourceTree = "<group>"; };
		4DC7CB5D5DAC6523E5FD751D /* AuriView.swift */ = {isa = PBXFileReference; includeInIndex = 1; lastKnownFileType = sourcecode.swift; path = AuriView.swift; sourceTree = "<group>"; };
		A1D1E7B0C3F4A5E6B7D8C9F0 /* DietBadge.swift */ = {isa = PBXFileReference; lastKnownFileType = sourcecode.swift; path = DietBadge.swift; sourceTree = "<group>"; };
		C2E3F8A4D5B6C7E8F9A0B1D2 /* DietPickerSheet.swift */ = {isa = PBXFileReference; lastKnownFileType = sourcecode.swift; path = DietPickerSheet.swift; sourceTree = "<group>"; };
		D3F4A5B6C7E8F9A0B1D2E3F4 /* GlassStyle.swift */ = {isa = PBXFileReference; lastKnownFileType = sourcecode.swift; path = GlassStyle.swift; sourceTree = "<group>"; };
		9CAF714F02DC77ED1E4E8099 /* AmbientMoteSystem.swift */ = {isa = PBXFileReference; includeInIndex = 1; lastKnownFileType = sourcecode.swift; path = AmbientMoteSystem.swift; sourceTree = "<group>"; };
		AE25E748B7FD36FA3FEFAAD1 /* SparkColors.swift */ = {isa = PBXFileReference; includeInIndex = 1; lastKnownFileType = sourcecode.swift; path = SparkColors.swift; sourceTree = "<group>"; };
		B1000011BBBBBBBB00000011 /* AuriApp.swift */ = {isa = PBXFileReference; lastKnownFileType = sourcecode.swift; path = AuriApp.swift; sourceTree = "<group>"; };
		B1000013BBBBBBBB00000013 /* Assets.xcassets */ = {isa = PBXFileReference; lastKnownFileType = folder.assetcatalog; path = Assets.xcassets; sourceTree = "<group>"; };
		B1000014BBBBBBBB00000014 /* Meal.swift */ = {isa = PBXFileReference; lastKnownFileType = sourcecode.swift; path = Meal.swift; sourceTree = "<group>"; };
		B1000015BBBBBBBB00000015 /* UserSettings.swift */ = {isa = PBXFileReference; lastKnownFileType = sourcecode.swift; path = UserSettings.swift; sourceTree = "<group>"; };
		B1000016BBBBBBBB00000016 /* AdherenceState.swift */ = {isa = PBXFileReference; lastKnownFileType = sourcecode.swift; path = AdherenceState.swift; sourceTree = "<group>"; };
		B1000017BBBBBBBB00000017 /* MealSource.swift */ = {isa = PBXFileReference; lastKnownFileType = sourcecode.swift; path = MealSource.swift; sourceTree = "<group>"; };
		B1000018BBBBBBBB00000018 /* DietaryGoal.swift */ = {isa = PBXFileReference; lastKnownFileType = sourcecode.swift; path = DietaryGoal.swift; sourceTree = "<group>"; };
		B100001ABBBBBBBB0000001A /* PrivacyInfo.xcprivacy */ = {isa = PBXFileReference; lastKnownFileType = text.xml; path = PrivacyInfo.xcprivacy; sourceTree = "<group>"; };
		B100001BBBBBBBBB0000001B /* AuriTests.swift */ = {isa = PBXFileReference; lastKnownFileType = sourcecode.swift; path = AuriTests.swift; sourceTree = "<group>"; };
		B100001CBBBBBBBB0000001C /* Info.plist */ = {isa = PBXFileReference; lastKnownFileType = text.plist.xml; path = Info.plist; sourceTree = "<group>"; };
		B1000020BBBBBBBB00000020 /* Auri.app */ = {isa = PBXFileReference; explicitFileType = wrapper.application; includeInIndex = 0; path = Auri.app; sourceTree = BUILT_PRODUCTS_DIR; };
		B1000021BBBBBBBB00000021 /* AuriTests.xctest */ = {isa = PBXFileReference; explicitFileType = wrapper.cfbundle; includeInIndex = 0; path = AuriTests.xctest; sourceTree = BUILT_PRODUCTS_DIR; };
		B1000090BBBBBBBB00000090 /* MealService.swift */ = {isa = PBXFileReference; lastKnownFileType = sourcecode.swift; path = MealService.swift; sourceTree = "<group>"; };
		B1000091BBBBBBBB00000091 /* AdherenceEngine.swift */ = {isa = PBXFileReference; lastKnownFileType = sourcecode.swift; path = AdherenceEngine.swift; sourceTree = "<group>"; };
		B1000092BBBBBBBB00000092 /* UserPreferencesService.swift */ = {isa = PBXFileReference; lastKnownFileType = sourcecode.swift; path = UserPreferencesService.swift; sourceTree = "<group>"; };
		B1000093BBBBBBBB00000093 /* ServiceTests.swift */ = {isa = PBXFileReference; lastKnownFileType = sourcecode.swift; path = ServiceTests.swift; sourceTree = "<group>"; };
		B1473011BBBBBBBB00473011 /* Environment+Extensions.swift */ = {isa = PBXFileReference; lastKnownFileType = sourcecode.swift; path = "Environment+Extensions.swift"; sourceTree = "<group>"; };
		B1473012BBBBBBBB00473012 /* RootView.swift */ = {isa = PBXFileReference; lastKnownFileType = sourcecode.swift; path = RootView.swift; sourceTree = "<group>"; };
		B1473013BBBBBBBB00473013 /* MainView.swift */ = {isa = PBXFileReference; lastKnownFileType = sourcecode.swift; path = MainView.swift; sourceTree = "<group>"; };
		B1473014BBBBBBBB00473014 /* CoreView.swift */ = {isa = PBXFileReference; lastKnownFileType = sourcecode.swift; path = CoreView.swift; sourceTree = "<group>"; };
		B1473015BBBBBBBB00473015 /* LogMealView.swift */ = {isa = PBXFileReference; lastKnownFileType = sourcecode.swift; path = LogMealView.swift; sourceTree = "<group>"; };
		B1473016BBBBBBBB00473016 /* DataView.swift */ = {isa = PBXFileReference; lastKnownFileType = sourcecode.swift; path = DataView.swift; sourceTree = "<group>"; };
		B1473017BBBBBBBB00473017 /* OnboardingView.swift */ = {isa = PBXFileReference; lastKnownFileType = sourcecode.swift; path = OnboardingView.swift; sourceTree = "<group>"; };
		B1475011BBBBBBBB00475011 /* SpinnerPhysics.swift */ = {isa = PBXFileReference; lastKnownFileType = sourcecode.swift; path = SpinnerPhysics.swift; sourceTree = "<group>"; };
		B1475012BBBBBBBB00475012 /* MotionManager.swift */ = {isa = PBXFileReference; lastKnownFileType = sourcecode.swift; path = MotionManager.swift; sourceTree = "<group>"; };
		B1476011BBBBBBBB00476011 /* StateInterpolator.swift */ = {isa = PBXFileReference; lastKnownFileType = sourcecode.swift; path = StateInterpolator.swift; sourceTree = "<group>"; };
		B1477011BBBBBBBB00477011 /* CameraView.swift */ = {isa = PBXFileReference; lastKnownFileType = sourcecode.swift; path = CameraView.swift; sourceTree = "<group>"; };
		B1477012BBBBBBBB00477012 /* PhotoCaptureSection.swift */ = {isa = PBXFileReference; lastKnownFileType = sourcecode.swift; path = PhotoCaptureSection.swift; sourceTree = "<group>"; };
		B1477013BBBBBBBB00477013 /* TextEntrySection.swift */ = {isa = PBXFileReference; lastKnownFileType = sourcecode.swift; path = TextEntrySection.swift; sourceTree = "<group>"; };
		B1477014BBBBBBBB00477014 /* TrackingButtons.swift */ = {isa = PBXFileReference; lastKnownFileType = sourcecode.swift; path = TrackingButtons.swift; sourceTree = "<group>"; };
		B1478011BBBBBBBB00478011 /* CoreHUD.swift */ = {isa = PBXFileReference; lastKnownFileType = sourcecode.swift; path = CoreHUD.swift; sourceTree = "<group>"; };
		B1478012BBBBBBBB00478012 /* CoreTooltip.swift */ = {isa = PBXFileReference; lastKnownFileType = sourcecode.swift; path = CoreTooltip.swift; sourceTree = "<group>"; };
		B1478013BBBBBBBB00478013 /* DataViewButton.swift */ = {isa = PBXFileReference; lastKnownFileType = sourcecode.swift; path = DataViewButton.swift; sourceTree = "<group>"; };
		B1479011BBBBBBBB00479011 /* MetricCard.swift */ = {isa = PBXFileReference; lastKnownFileType = sourcecode.swift; path = MetricCard.swift; sourceTree = "<group>"; };
		B1479012BBBBBBBB00479012 /* MetricsSection.swift */ = {isa = PBXFileReference; lastKnownFileType = sourcecode.swift; path = MetricsSection.swift; sourceTree = "<group>"; };
		B1479013BBBBBBBB00479013 /* EmptyHistoryView.swift */ = {isa = PBXFileReference; lastKnownFileType = sourcecode.swift; path = EmptyHistoryView.swift; sourceTree = "<group>"; };
		B1479014BBBBBBBB00479014 /* MealThumbnail.swift */ = {isa = PBXFileReference; lastKnownFileType = sourcecode.swift; path = MealThumbnail.swift; sourceTree = "<group>"; };
		B1479015BBBBBBBB00479015 /* MealRow.swift */ = {isa = PBXFileReference; lastKnownFileType = sourcecode.swift; path = MealRow.swift; sourceTree = "<group>"; };
		B1479016BBBBBBBB00479016 /* DaySection.swift */ = {isa = PBXFileReference; lastKnownFileType = sourcecode.swift; path = DaySection.swift; sourceTree = "<group>"; };
		B1479017BBBBBBBB00479017 /* MealHistorySection.swift */ = {isa = PBXFileReference; lastKnownFileType = sourcecode.swift; path = MealHistorySection.swift; sourceTree = "<group>"; };
		B1480011BBBBBBBB00480011 /* WelcomeStep.swift */ = {isa = PBXFileReference; lastKnownFileType = sourcecode.swift; path = WelcomeStep.swift; sourceTree = "<group>"; };
		B1480012BBBBBBBB00480012 /* GoalButton.swift */ = {isa = PBXFileReference; lastKnownFileType = sourcecode.swift; path = GoalButton.swift; sourceTree = "<group>"; };
		B1480013BBBBBBBB00480013 /* GoalSelectionStep.swift */ = {isa = PBXFileReference; lastKnownFileType = sourcecode.swift; path = GoalSelectionStep.swift; sourceTree = "<group>"; };
		B1480014BBBBBBBB00480014 /* CoreTutorialStep.swift */ = {isa = PBXFileReference; lastKnownFileType = sourcecode.swift; path = CoreTutorialStep.swift; sourceTree = "<group>"; };
		B1480015BBBBBBBB00480015 /* FirstMealPromptStep.swift */ = {isa = PBXFileReference; lastKnownFileType = sourcecode.swift; path = FirstMealPromptStep.swift; sourceTree = "<group>"; };
		B148122DBBBBBBBB004818A7 /* HapticsManager.swift */ = {isa = PBXFileReference; lastKnownFileType = sourcecode.swift; path = HapticsManager.swift; sourceTree = "<group>"; };
		B1481BAEBBBBBBBB0048149A /* ReducedMotionSupport.swift */ = {isa = PBXFileReference; lastKnownFileType = sourcecode.swift; path = ReducedMotionSupport.swift; sourceTree = "<group>"; };
		B1481E3BBBBBBBBB00481BFC /* ThermalManager.swift */ = {isa = PBXFileReference; lastKnownFileType = sourcecode.swift; path = ThermalManager.swift; sourceTree = "<group>"; };
		B1499F471A26B9C490985AD2 /* TierTransitionEffect.swift */ = {isa = PBXFileReference; includeInIndex = 1; lastKnownFileType = sourcecode.swift; path = TierTransitionEffect.swift; sourceTree = "<group>"; };
		D362CF7E254BA012A1D7C39A /* AuriScene.swift */ = {isa = PBXFileReference; includeInIndex = 1; lastKnownFileType = sourcecode.swift; path = AuriScene.swift; sourceTree = "<group>"; };
		D3EA8EA4976A5DFF255DD36A /* MultiFrequencyPulse.swift */ = {isa = PBXFileReference; includeInIndex = 1; lastKnownFileType = sourcecode.swift; path = MultiFrequencyPulse.swift; sourceTree = "<group>"; };
		F0B39317CCC1E724E2CFFCCB /* OrbTier.swift */ = {isa = PBXFileReference; includeInIndex = 1; lastKnownFileType = sourcecode.swift; path = OrbTier.swift; sourceTree = "<group>"; };
/* End PBXFileReference section */

/* Begin PBXFrameworksBuildPhase section */
		B1000030BBBBBBBB00000030 /* Frameworks */ = {
			isa = PBXFrameworksBuildPhase;
			buildActionMask = 2147483647;
			files = (
			);
			runOnlyForDeploymentPostprocessing = 0;
		};
		B1000031BBBBBBBB00000031 /* Frameworks */ = {
			isa = PBXFrameworksBuildPhase;
			buildActionMask = 2147483647;
			files = (
			);
			runOnlyForDeploymentPostprocessing = 0;
		};
/* End PBXFrameworksBuildPhase section */

/* Begin PBXGroup section */
		B1000040BBBBBBBB00000040 = {
			isa = PBXGroup;
			children = (
				B1000041BBBBBBBB00000041 /* Auri */,
				B1000042BBBBBBBB00000042 /* AuriTests */,
				B1000043BBBBBBBB00000043 /* Products */,
			);
			sourceTree = "<group>";
		};
		B1000041BBBBBBBB00000041 /* Auri */ = {
			isa = PBXGroup;
			children = (
				B1481100BBBBBBBB00481100 /* Utilities */,
				B1000044BBBBBBBB00000044 /* App */,
				B1000045BBBBBBBB00000045 /* Views */,
				B1000046BBBBBBBB00000046 /* Models */,
				B1000047BBBBBBBB00000047 /* Services */,
				B1000048BBBBBBBB00000048 /* 3D */,
				B1000049BBBBBBBB00000049 /* Resources */,
			);
			path = Auri;
			sourceTree = "<group>";
		};
		B1000042BBBBBBBB00000042 /* AuriTests */ = {
			isa = PBXGroup;
			children = (
				B100001BBBBBBBBB0000001B /* AuriTests.swift */,
				B1000093BBBBBBBB00000093 /* ServiceTests.swift */,
			);
			path = AuriTests;
			sourceTree = "<group>";
		};
		B1000043BBBBBBBB00000043 /* Products */ = {
			isa = PBXGroup;
			children = (
				B1000020BBBBBBBB00000020 /* Auri.app */,
				B1000021BBBBBBBB00000021 /* AuriTests.xctest */,
			);
			name = Products;
			sourceTree = "<group>";
		};
		B1000044BBBBBBBB00000044 /* App */ = {
			isa = PBXGroup;
			children = (
				B1000011BBBBBBBB00000011 /* AuriApp.swift */,
				B1473011BBBBBBBB00473011 /* Environment+Extensions.swift */,
			);
			path = App;
			sourceTree = "<group>";
		};
		B1000045BBBBBBBB00000045 /* Views */ = {
			isa = PBXGroup;
			children = (
				B1477020BBBBBBBB00477020 /* Components */,
				B1480020BBBBBBBB00480020 /* Onboarding */,
				B1473012BBBBBBBB00473012 /* RootView.swift */,
				B1473013BBBBBBBB00473013 /* MainView.swift */,
				B1473014BBBBBBBB00473014 /* CoreView.swift */,
				B1473015BBBBBBBB00473015 /* LogMealView.swift */,
				B1473016BBBBBBBB00473016 /* DataView.swift */,
				B1473017BBBBBBBB00473017 /* OnboardingView.swift */,
			);
			path = Views;
			sourceTree = "<group>";
		};
		B1000046BBBBBBBB00000046 /* Models */ = {
			isa = PBXGroup;
			children = (
				B1000014BBBBBBBB00000014 /* Meal.swift */,
				B1000015BBBBBBBB00000015 /* UserSettings.swift */,
				B1000016BBBBBBBB00000016 /* AdherenceState.swift */,
				B1000017BBBBBBBB00000017 /* MealSource.swift */,
				B1000018BBBBBBBB00000018 /* DietaryGoal.swift */,
				F0B39317CCC1E724E2CFFCCB /* OrbTier.swift */,
			);
			path = Models;
			sourceTree = "<group>";
		};
		B1000047BBBBBBBB00000047 /* Services */ = {
			isa = PBXGroup;
			children = (
				B1000090BBBBBBBB00000090 /* MealService.swift */,
				B1000091BBBBBBBB00000091 /* AdherenceEngine.swift */,
				B1000092BBBBBBBB00000092 /* UserPreferencesService.swift */,
			);
			path = Services;
			sourceTree = "<group>";
		};
		B1000048BBBBBBBB00000048 /* 3D */ = {
			isa = PBXGroup;
			children = (
				B1481BAEBBBBBBBB0048149A /* ReducedMotionSupport.swift */,
				B148122DBBBBBBBB004818A7 /* HapticsManager.swift */,
				B1475011BBBBBBBB00475011 /* SpinnerPhysics.swift */,
				B1475012BBBBBBBB00475012 /* MotionManager.swift */,
				B1476011BBBBBBBB00476011 /* StateInterpolator.swift */,
				D3EA8EA4976A5DFF255DD36A /* MultiFrequencyPulse.swift */,
				AE25E748B7FD36FA3FEFAAD1 /* SparkColors.swift */,
				04AFA3C914787350B0A8E61F /* Spark.swift */,
				D362CF7E254BA012A1D7C39A /* AuriScene.swift */,
				4DC7CB5D5DAC6523E5FD751D /* AuriView.swift */,
				9CAF714F02DC77ED1E4E8099 /* AmbientMoteSystem.swift */,
				B1499F471A26B9C490985AD2 /* TierTransitionEffect.swift */,
			);
			path = 3D;
			sourceTree = "<group>";
		};
		B1000049BBBBBBBB00000049 /* Resources */ = {
			isa = PBXGroup;
			children = (
				B1000013BBBBBBBB00000013 /* Assets.xcassets */,
				B100001CBBBBBBBB0000001C /* Info.plist */,
				B100001ABBBBBBBB0000001A /* PrivacyInfo.xcprivacy */,
			);
			path = Resources;
			sourceTree = "<group>";
		};
		B1477020BBBBBBBB00477020 /* Components */ = {
			isa = PBXGroup;
			children = (
				B1477011BBBBBBBB00477011 /* CameraView.swift */,
				B1478011BBBBBBBB00478011 /* CoreHUD.swift */,
				B1478012BBBBBBBB00478012 /* CoreTooltip.swift */,
				B1478013BBBBBBBB00478013 /* DataViewButton.swift */,
				B1479016BBBBBBBB00479016 /* DaySection.swift */,
				A1D1E7B0C3F4A5E6B7D8C9F0 /* DietBadge.swift */,
				C2E3F8A4D5B6C7E8F9A0B1D2 /* DietPickerSheet.swift */,
				D3F4A5B6C7E8F9A0B1D2E3F4 /* GlassStyle.swift */,
				B1479013BBBBBBBB00479013 /* EmptyHistoryView.swift */,
				B1479017BBBBBBBB00479017 /* MealHistorySection.swift */,
				B1479015BBBBBBBB00479015 /* MealRow.swift */,
				B1479014BBBBBBBB00479014 /* MealThumbnail.swift */,
				B1479011BBBBBBBB00479011 /* MetricCard.swift */,
				B1479012BBBBBBBB00479012 /* MetricsSection.swift */,
				B1477012BBBBBBBB00477012 /* PhotoCaptureSection.swift */,
				B1477013BBBBBBBB00477013 /* TextEntrySection.swift */,
				B1477014BBBBBBBB00477014 /* TrackingButtons.swift */,
			);
			path = Components;
			sourceTree = "<group>";
		};
		B1480020BBBBBBBB00480020 /* Onboarding */ = {
			isa = PBXGroup;
			children = (
				B1480011BBBBBBBB00480011 /* WelcomeStep.swift */,
				B1480012BBBBBBBB00480012 /* GoalButton.swift */,
				B1480013BBBBBBBB00480013 /* GoalSelectionStep.swift */,
				B1480014BBBBBBBB00480014 /* CoreTutorialStep.swift */,
				B1480015BBBBBBBB00480015 /* FirstMealPromptStep.swift */,
			);
			path = Onboarding;
			sourceTree = "<group>";
		};
		B1481100BBBBBBBB00481100 /* Utilities */ = {
			isa = PBXGroup;
			children = (
				B1481E3BBBBBBBBB00481BFC /* ThermalManager.swift */,
			);
			path = Utilities;
			sourceTree = "<group>";
		};
/* End PBXGroup section */

/* Begin PBXNativeTarget section */
		B1000050BBBBBBBB00000050 /* Auri */ = {
			isa = PBXNativeTarget;
			buildConfigurationList = B1000060BBBBBBBB00000060 /* Build configuration list for PBXNativeTarget "Auri" */;
			buildPhases = (
				B1000051BBBBBBBB00000051 /* Sources */,
				B1000030BBBBBBBB00000030 /* Frameworks */,
				B1000052BBBBBBBB00000052 /* Resources */,
			);
			buildRules = (
			);
			dependencies = (
			);
			name = Auri;
			productName = Auri;
			productReference = B1000020BBBBBBBB00000020 /* Auri.app */;
			productType = "com.apple.product-type.application";
		};
		B1000053BBBBBBBB00000053 /* AuriTests */ = {
			isa = PBXNativeTarget;
			buildConfigurationList = B1000061BBBBBBBB00000061 /* Build configuration list for PBXNativeTarget "AuriTests" */;
			buildPhases = (
				B1000054BBBBBBBB00000054 /* Sources */,
				B1000031BBBBBBBB00000031 /* Frameworks */,
				B1000055BBBBBBBB00000055 /* Resources */,
			);
			buildRules = (
			);
			dependencies = (
				B100000DBBBBBBBB0000000D /* PBXTargetDependency */,
			);
			name = AuriTests;
			productName = AuriTests;
			productReference = B1000021BBBBBBBB00000021 /* AuriTests.xctest */;
			productType = "com.apple.product-type.bundle.unit-test";
		};
/* End PBXNativeTarget section */

/* Begin PBXProject section */
		B1000000BBBBBBBB00000000 /* Project object */ = {
			isa = PBXProject;
			attributes = {
				BuildIndependentTargetsInParallel = 1;
				LastSwiftUpdateCheck = 1620;
				LastUpgradeCheck = 1620;
				TargetAttributes = {
					B1000050BBBBBBBB00000050 = {
						CreatedOnToolsVersion = 16.2;
					};
					B1000053BBBBBBBB00000053 = {
						CreatedOnToolsVersion = 16.2;
						TestTargetID = B1000050BBBBBBBB00000050;
					};
				};
			};
			buildConfigurationList = B1000062BBBBBBBB00000062 /* Build configuration list for PBXProject "Auri" */;
			compatibilityVersion = "Xcode 14.0";
			developmentRegion = en;
			hasScannedForEncodings = 0;
			knownRegions = (
				en,
				Base,
			);
			mainGroup = B1000040BBBBBBBB00000040;
			productRefGroup = B1000043BBBBBBBB00000043 /* Products */;
			projectDirPath = "";
			projectRoot = "";
			targets = (
				B1000050BBBBBBBB00000050 /* Auri */,
				B1000053BBBBBBBB00000053 /* AuriTests */,
			);
		};
/* End PBXProject section */

/* Begin PBXResourcesBuildPhase section */
		B1000052BBBBBBBB00000052 /* Resources */ = {
			isa = PBXResourcesBuildPhase;
			buildActionMask = 2147483647;
			files = (
				B1000003BBBBBBBB00000003 /* Assets.xcassets in Resources */,
				B100000ABBBBBBBB0000000A /* PrivacyInfo.xcprivacy in Resources */,
			);
			runOnlyForDeploymentPostprocessing = 0;
		};
		B1000055BBBBBBBB00000055 /* Resources */ = {
			isa = PBXResourcesBuildPhase;
			buildActionMask = 2147483647;
			files = (
			);
			runOnlyForDeploymentPostprocessing = 0;
		};
/* End PBXResourcesBuildPhase section */

/* Begin PBXSourcesBuildPhase section */
		B1000051BBBBBBBB00000051 /* Sources */ = {
			isa = PBXSourcesBuildPhase;
			buildActionMask = 2147483647;
			files = (
				B1000001BBBBBBBB00000001 /* AuriApp.swift in Sources */,
				B1473001BBBBBBBB00473001 /* Environment+Extensions.swift in Sources */,
				B1473002BBBBBBBB00473002 /* RootView.swift in Sources */,
				B1473003BBBBBBBB00473003 /* MainView.swift in Sources */,
				B1473004BBBBBBBB00473004 /* CoreView.swift in Sources */,
				B1473005BBBBBBBB00473005 /* LogMealView.swift in Sources */,
				B1473006BBBBBBBB00473006 /* DataView.swift in Sources */,
				B1473007BBBBBBBB00473007 /* OnboardingView.swift in Sources */,
				B1000004BBBBBBBB00000004 /* Meal.swift in Sources */,
				B1000005BBBBBBBB00000005 /* UserSettings.swift in Sources */,
				B1000006BBBBBBBB00000006 /* AdherenceState.swift in Sources */,
				B1000007BBBBBBBB00000007 /* MealSource.swift in Sources */,
				B1000008BBBBBBBB00000008 /* DietaryGoal.swift in Sources */,
				B1000080BBBBBBBB00000080 /* MealService.swift in Sources */,
				B1000081BBBBBBBB00000081 /* AdherenceEngine.swift in Sources */,
				B1000082BBBBBBBB00000082 /* UserPreferencesService.swift in Sources */,
				B1481372BBBBBBBB00481418 /* ThermalManager.swift in Sources */,
				B1481924BBBBBBBB00481ADC /* ReducedMotionSupport.swift in Sources */,
				B1481421BBBBBBBB00481525 /* HapticsManager.swift in Sources */,
				B1475001BBBBBBBB00475001 /* SpinnerPhysics.swift in Sources */,
				B1475002BBBBBBBB00475002 /* MotionManager.swift in Sources */,
				B1476001BBBBBBBB00476001 /* StateInterpolator.swift in Sources */,
				B1477001BBBBBBBB00477001 /* CameraView.swift in Sources */,
				B1477002BBBBBBBB00477002 /* PhotoCaptureSection.swift in Sources */,
				B1477003BBBBBBBB00477003 /* TextEntrySection.swift in Sources */,
				B1477004BBBBBBBB00477004 /* TrackingButtons.swift in Sources */,
				B1478001BBBBBBBB00478001 /* CoreHUD.swift in Sources */,
				B1478002BBBBBBBB00478002 /* CoreTooltip.swift in Sources */,
				B1478003BBBBBBBB00478003 /* DataViewButton.swift in Sources */,
				A1D1E7B1C3F4A5E6B7D8C9F1 /* DietBadge.swift in Sources */,
				C2E3F8A5D5B6C7E8F9A0B1D3 /* DietPickerSheet.swift in Sources */,
				D3F4A5B7C7E8F9A0B1D2E3F5 /* GlassStyle.swift in Sources */,
				B1479001BBBBBBBB00479001 /* MetricCard.swift in Sources */,
				B1479002BBBBBBBB00479002 /* MetricsSection.swift in Sources */,
				B1479003BBBBBBBB00479003 /* EmptyHistoryView.swift in Sources */,
				B1479004BBBBBBBB00479004 /* MealThumbnail.swift in Sources */,
				B1479005BBBBBBBB00479005 /* MealRow.swift in Sources */,
				B1479006BBBBBBBB00479006 /* DaySection.swift in Sources */,
				B1479007BBBBBBBB00479007 /* MealHistorySection.swift in Sources */,
				B1480001BBBBBBBB00480001 /* WelcomeStep.swift in Sources */,
				B1480002BBBBBBBB00480002 /* GoalButton.swift in Sources */,
				B1480003BBBBBBBB00480003 /* GoalSelectionStep.swift in Sources */,
				B1480004BBBBBBBB00480004 /* CoreTutorialStep.swift in Sources */,
				B1480005BBBBBBBB00480005 /* FirstMealPromptStep.swift in Sources */,
				8D186C37E93D82FD0DCCB047 /* MultiFrequencyPulse.swift in Sources */,
				05AF05EC708F0232F3E7E22B /* SparkColors.swift in Sources */,
				E356EFE08000515E5E404063 /* Spark.swift in Sources */,
				0C9CEB5B9873F00953B521DA /* AuriScene.swift in Sources */,
				4FC44C2D83563532694D09AA /* AuriView.swift in Sources */,
				9CE3FABBB962E37E767F21E9 /* OrbTier.swift in Sources */,
				0CBE285A49C66A30F74A186B /* AmbientMoteSystem.swift in Sources */,
				7A7F02BCCE67313828759C7D /* TierTransitionEffect.swift in Sources */,
			);
			runOnlyForDeploymentPostprocessing = 0;
		};
		B1000054BBBBBBBB00000054 /* Sources */ = {
			isa = PBXSourcesBuildPhase;
			buildActionMask = 2147483647;
			files = (
				B100000BBBBBBBBB0000000B /* AuriTests.swift in Sources */,
				B1000083BBBBBBBB00000083 /* ServiceTests.swift in Sources */,
			);
			runOnlyForDeploymentPostprocessing = 0;
		};
/* End PBXSourcesBuildPhase section */

/* Begin PBXTargetDependency section */
		B100000DBBBBBBBB0000000D /* PBXTargetDependency */ = {
			isa = PBXTargetDependency;
			target = B1000050BBBBBBBB00000050 /* Auri */;
			targetProxy = B100000CBBBBBBBB0000000C /* PBXContainerItemProxy */;
		};
/* End PBXTargetDependency section */

/* Begin XCBuildConfiguration section */
		B1000070BBBBBBBB00000070 /* Debug */ = {
			isa = XCBuildConfiguration;
			buildSettings = {
				ALWAYS_SEARCH_USER_PATHS = NO;
				ASSETCATALOG_COMPILER_GENERATE_SWIFT_ASSET_SYMBOL_EXTENSIONS = YES;
				CLANG_ANALYZER_NONNULL = YES;
				CLANG_ANALYZER_NUMBER_OBJECT_CONVERSION = YES_AGGRESSIVE;
				CLANG_CXX_LANGUAGE_STANDARD = "gnu++20";
				CLANG_ENABLE_MODULES = YES;
				CLANG_ENABLE_OBJC_ARC = YES;
				CLANG_ENABLE_OBJC_WEAK = YES;
				CLANG_WARN_BLOCK_CAPTURE_AUTORELEASING = YES;
				CLANG_WARN_BOOL_CONVERSION = YES;
				CLANG_WARN_COMMA = YES;
				CLANG_WARN_CONSTANT_CONVERSION = YES;
				CLANG_WARN_DEPRECATED_OBJC_IMPLEMENTATIONS = YES;
				CLANG_WARN_DIRECT_OBJC_ISA_USAGE = YES_ERROR;
				CLANG_WARN_DOCUMENTATION_COMMENTS = YES;
				CLANG_WARN_EMPTY_BODY = YES;
				CLANG_WARN_ENUM_CONVERSION = YES;
				CLANG_WARN_INFINITE_RECURSION = YES;
				CLANG_WARN_INT_CONVERSION = YES;
				CLANG_WARN_NON_LITERAL_NULL_CONVERSION = YES;
				CLANG_WARN_OBJC_IMPLICIT_RETAIN_SELF = YES;
				CLANG_WARN_OBJC_LITERAL_CONVERSION = YES;
				CLANG_WARN_OBJC_ROOT_CLASS = YES_ERROR;
				CLANG_WARN_QUOTED_INCLUDE_IN_FRAMEWORK_HEADER = YES;
				CLANG_WARN_RANGE_LOOP_ANALYSIS = YES;
				CLANG_WARN_STRICT_PROTOTYPES = YES;
				CLANG_WARN_SUSPICIOUS_MOVE = YES;
				CLANG_WARN_UNGUARDED_AVAILABILITY = YES_AGGRESSIVE;
				CLANG_WARN_UNREACHABLE_CODE = YES;
				CLANG_WARN__DUPLICATE_METHOD_MATCH = YES;
				COPY_PHASE_STRIP = NO;
				DEBUG_INFORMATION_FORMAT = dwarf;
				ENABLE_STRICT_OBJC_MSGSEND = YES;
				ENABLE_TESTABILITY = YES;
				ENABLE_USER_SCRIPT_SANDBOXING = YES;
				GCC_C_LANGUAGE_STANDARD = gnu17;
				GCC_DYNAMIC_NO_PIC = NO;
				GCC_NO_COMMON_BLOCKS = YES;
				GCC_OPTIMIZATION_LEVEL = 0;
				GCC_PREPROCESSOR_DEFINITIONS = (
					"DEBUG=1",
					"$(inherited)",
				);
				GCC_WARN_64_TO_32_BIT_CONVERSION = YES;
				GCC_WARN_ABOUT_RETURN_TYPE = YES_ERROR;
				GCC_WARN_UNDECLARED_SELECTOR = YES;
				GCC_WARN_UNINITIALIZED_AUTOS = YES_AGGRESSIVE;
				GCC_WARN_UNUSED_FUNCTION = YES;
				GCC_WARN_UNUSED_VARIABLE = YES;
				IPHONEOS_DEPLOYMENT_TARGET = 18.0;
				LOCALIZATION_PREFERS_STRING_CATALOGS = YES;
				MTL_ENABLE_DEBUG_INFO = INCLUDE_SOURCE;
				MTL_FAST_MATH = YES;
				ONLY_ACTIVE_ARCH = YES;
				SDKROOT = iphoneos;
				SWIFT_ACTIVE_COMPILATION_CONDITIONS = "DEBUG $(inherited)";
				SWIFT_OPTIMIZATION_LEVEL = "-Onone";
				SWIFT_VERSION = 6.0;
			};
			name = Debug;
		};
		B1000071BBBBBBBB00000071 /* Release */ = {
			isa = XCBuildConfiguration;
			buildSettings = {
				ALWAYS_SEARCH_USER_PATHS = NO;
				ASSETCATALOG_COMPILER_GENERATE_SWIFT_ASSET_SYMBOL_EXTENSIONS = YES;
				CLANG_ANALYZER_NONNULL = YES;
				CLANG_ANALYZER_NUMBER_OBJECT_CONVERSION = YES_AGGRESSIVE;
				CLANG_CXX_LANGUAGE_STANDARD = "gnu++20";
				CLANG_ENABLE_MODULES = YES;
				CLANG_ENABLE_OBJC_ARC = YES;
				CLANG_ENABLE_OBJC_WEAK = YES;
				CLANG_WARN_BLOCK_CAPTURE_AUTORELEASING = YES;
				CLANG_WARN_BOOL_CONVERSION = YES;
				CLANG_WARN_COMMA = YES;
				CLANG_WARN_CONSTANT_CONVERSION = YES;
				CLANG_WARN_DEPRECATED_OBJC_IMPLEMENTATIONS = YES;
				CLANG_WARN_DIRECT_OBJC_ISA_USAGE = YES_ERROR;
				CLANG_WARN_DOCUMENTATION_COMMENTS = YES;
				CLANG_WARN_EMPTY_BODY = YES;
				CLANG_WARN_ENUM_CONVERSION = YES;
				CLANG_WARN_INFINITE_RECURSION = YES;
				CLANG_WARN_INT_CONVERSION = YES;
				CLANG_WARN_NON_LITERAL_NULL_CONVERSION = YES;
				CLANG_WARN_OBJC_IMPLICIT_RETAIN_SELF = YES;
				CLANG_WARN_OBJC_LITERAL_CONVERSION = YES;
				CLANG_WARN_OBJC_ROOT_CLASS = YES_ERROR;
				CLANG_WARN_QUOTED_INCLUDE_IN_FRAMEWORK_HEADER = YES;
				CLANG_WARN_RANGE_LOOP_ANALYSIS = YES;
				CLANG_WARN_STRICT_PROTOTYPES = YES;
				CLANG_WARN_SUSPICIOUS_MOVE = YES;
				CLANG_WARN_UNGUARDED_AVAILABILITY = YES_AGGRESSIVE;
				CLANG_WARN_UNREACHABLE_CODE = YES;
				CLANG_WARN__DUPLICATE_METHOD_MATCH = YES;
				COPY_PHASE_STRIP = NO;
				DEBUG_INFORMATION_FORMAT = "dwarf-with-dsym";
				ENABLE_NS_ASSERTIONS = NO;
				ENABLE_STRICT_OBJC_MSGSEND = YES;
				ENABLE_USER_SCRIPT_SANDBOXING = YES;
				GCC_C_LANGUAGE_STANDARD = gnu17;
				GCC_NO_COMMON_BLOCKS = YES;
				GCC_WARN_64_TO_32_BIT_CONVERSION = YES;
				GCC_WARN_ABOUT_RETURN_TYPE = YES_ERROR;
				GCC_WARN_UNDECLARED_SELECTOR = YES;
				GCC_WARN_UNINITIALIZED_AUTOS = YES_AGGRESSIVE;
				GCC_WARN_UNUSED_FUNCTION = YES;
				GCC_WARN_UNUSED_VARIABLE = YES;
				IPHONEOS_DEPLOYMENT_TARGET = 18.0;
				LOCALIZATION_PREFERS_STRING_CATALOGS = YES;
				MTL_ENABLE_DEBUG_INFO = NO;
				MTL_FAST_MATH = YES;
				SDKROOT = iphoneos;
				SWIFT_COMPILATION_MODE = wholemodule;
				SWIFT_VERSION = 6.0;
				VALIDATE_PRODUCT = YES;
			};
			name = Release;
		};
		B1000072BBBBBBBB00000072 /* Debug */ = {
			isa = XCBuildConfiguration;
			buildSettings = {
				ASSETCATALOG_COMPILER_APPICON_NAME = AppIcon;
				ASSETCATALOG_COMPILER_GLOBAL_ACCENT_COLOR_NAME = AccentColor;
				CODE_SIGN_STYLE = Automatic;
				CURRENT_PROJECT_VERSION = 1;
				DEVELOPMENT_ASSET_PATHS = "";
				ENABLE_PREVIEWS = YES;
				GENERATE_INFOPLIST_FILE = YES;
				INFOPLIST_FILE = Auri/Resources/Info.plist;
				INFOPLIST_KEY_CFBundleDisplayName = Auri;
				INFOPLIST_KEY_LSApplicationCategoryType = "public.app-category.healthcare-fitness";
				INFOPLIST_KEY_UIApplicationSceneManifest_Generation = YES;
				INFOPLIST_KEY_UIApplicationSupportsIndirectInputEvents = YES;
				INFOPLIST_KEY_UILaunchScreen_Generation = YES;
				INFOPLIST_KEY_UISupportedInterfaceOrientations_iPad = "UIInterfaceOrientationPortrait UIInterfaceOrientationPortraitUpsideDown UIInterfaceOrientationLandscapeLeft UIInterfaceOrientationLandscapeRight";
				INFOPLIST_KEY_UISupportedInterfaceOrientations_iPhone = "UIInterfaceOrientationPortrait UIInterfaceOrientationLandscapeLeft UIInterfaceOrientationLandscapeRight";
				LD_RUNPATH_SEARCH_PATHS = (
					"$(inherited)",
					"@executable_path/Frameworks",
				);
				MARKETING_VERSION = 1.0;
				PRODUCT_BUNDLE_IDENTIFIER = com.roi-ex-machina.auri;
				PRODUCT_NAME = "$(TARGET_NAME)";
				SWIFT_EMIT_LOC_STRINGS = YES;
				SWIFT_VERSION = 6.0;
				TARGETED_DEVICE_FAMILY = "1,2";
			};
			name = Debug;
		};
		B1000073BBBBBBBB00000073 /* Release */ = {
			isa = XCBuildConfiguration;
			buildSettings = {
				ASSETCATALOG_COMPILER_APPICON_NAME = AppIcon;
				ASSETCATALOG_COMPILER_GLOBAL_ACCENT_COLOR_NAME = AccentColor;
				CODE_SIGN_STYLE = Automatic;
				CURRENT_PROJECT_VERSION = 1;
				DEVELOPMENT_ASSET_PATHS = "";
				ENABLE_PREVIEWS = YES;
				GENERATE_INFOPLIST_FILE = YES;
				INFOPLIST_FILE = Auri/Resources/Info.plist;
				INFOPLIST_KEY_CFBundleDisplayName = Auri;
				INFOPLIST_KEY_LSApplicationCategoryType = "public.app-category.healthcare-fitness";
				INFOPLIST_KEY_UIApplicationSceneManifest_Generation = YES;
				INFOPLIST_KEY_UIApplicationSupportsIndirectInputEvents = YES;
				INFOPLIST_KEY_UILaunchScreen_Generation = YES;
				INFOPLIST_KEY_UISupportedInterfaceOrientations_iPad = "UIInterfaceOrientationPortrait UIInterfaceOrientationPortraitUpsideDown UIInterfaceOrientationLandscapeLeft UIInterfaceOrientationLandscapeRight";
				INFOPLIST_KEY_UISupportedInterfaceOrientations_iPhone = "UIInterfaceOrientationPortrait UIInterfaceOrientationLandscapeLeft UIInterfaceOrientationLandscapeRight";
				LD_RUNPATH_SEARCH_PATHS = (
					"$(inherited)",
					"@executable_path/Frameworks",
				);
				MARKETING_VERSION = 1.0;
				PRODUCT_BUNDLE_IDENTIFIER = com.roi-ex-machina.auri;
				PRODUCT_NAME = "$(TARGET_NAME)";
				SWIFT_EMIT_LOC_STRINGS = YES;
				SWIFT_VERSION = 6.0;
				TARGETED_DEVICE_FAMILY = "1,2";
			};
			name = Release;
		};
		B1000074BBBBBBBB00000074 /* Debug */ = {
			isa = XCBuildConfiguration;
			buildSettings = {
				BUNDLE_LOADER = "$(TEST_HOST)";
				CODE_SIGN_STYLE = Automatic;
				CURRENT_PROJECT_VERSION = 1;
				GENERATE_INFOPLIST_FILE = YES;
				IPHONEOS_DEPLOYMENT_TARGET = 18.0;
				MARKETING_VERSION = 1.0;
				PRODUCT_BUNDLE_IDENTIFIER = com.roi-ex-machina.AuriTests;
				PRODUCT_NAME = "$(TARGET_NAME)";
				SWIFT_EMIT_LOC_STRINGS = NO;
				SWIFT_VERSION = 6.0;
				TARGETED_DEVICE_FAMILY = "1,2";
				TEST_HOST = "$(BUILT_PRODUCTS_DIR)/Auri.app/$(BUNDLE_EXECUTABLE_FOLDER_PATH)/Auri";
			};
			name = Debug;
		};
		B1000075BBBBBBBB00000075 /* Release */ = {
			isa = XCBuildConfiguration;
			buildSettings = {
				BUNDLE_LOADER = "$(TEST_HOST)";
				CODE_SIGN_STYLE = Automatic;
				CURRENT_PROJECT_VERSION = 1;
				GENERATE_INFOPLIST_FILE = YES;
				IPHONEOS_DEPLOYMENT_TARGET = 18.0;
				MARKETING_VERSION = 1.0;
				PRODUCT_BUNDLE_IDENTIFIER = com.roi-ex-machina.AuriTests;
				PRODUCT_NAME = "$(TARGET_NAME)";
				SWIFT_EMIT_LOC_STRINGS = NO;
				SWIFT_VERSION = 6.0;
				TARGETED_DEVICE_FAMILY = "1,2";
				TEST_HOST = "$(BUILT_PRODUCTS_DIR)/Auri.app/$(BUNDLE_EXECUTABLE_FOLDER_PATH)/Auri";
			};
			name = Release;
		};
/* End XCBuildConfiguration section */

/* Begin XCConfigurationList section */
		B1000060BBBBBBBB00000060 /* Build configuration list for PBXNativeTarget "Auri" */ = {
			isa = XCConfigurationList;
			buildConfigurations = (
				B1000072BBBBBBBB00000072 /* Debug */,
				B1000073BBBBBBBB00000073 /* Release */,
			);
			defaultConfigurationIsVisible = 0;
			defaultConfigurationName = Release;
		};
		B1000061BBBBBBBB00000061 /* Build configuration list for PBXNativeTarget "AuriTests" */ = {
			isa = XCConfigurationList;
			buildConfigurations = (
				B1000074BBBBBBBB00000074 /* Debug */,
				B1000075BBBBBBBB00000075 /* Release */,
			);
			defaultConfigurationIsVisible = 0;
			defaultConfigurationName = Release;
		};
		B1000062BBBBBBBB00000062 /* Build configuration list for PBXProject "Auri" */ = {
			isa = XCConfigurationList;
			buildConfigurations = (
				B1000070BBBBBBBB00000070 /* Debug */,
				B1000071BBBBBBBB00000071 /* Release */,
			);
			defaultConfigurationIsVisible = 0;
			defaultConfigurationName = Release;
		};
/* End XCConfigurationList section */
	};
	rootObject = B1000000BBBBBBBB00000000 /* Project object */;
}
