// !$*UTF8*$!
{
	archiveVersion = 1;
	classes = {
	};
	objectVersion = 56;
	objects = {

/* Begin PBXBuildFile section */
		B1000001BBBBBBBB00000001 /* ThrumiApp.swift in Sources */ = {isa = PBXBuildFile; fileRef = B1000011BBBBBBBB00000011 /* ThrumiApp.swift */; };
		B1000003BBBBBBBB00000003 /* Assets.xcassets in Resources */ = {isa = PBXBuildFile; fileRef = B1000013BBBBBBBB00000013 /* Assets.xcassets */; };
		B1473001BBBBBBBB00473001 /* Environment+Extensions.swift in Sources */ = {isa = PBXBuildFile; fileRef = B1473011BBBBBBBB00473011 /* Environment+Extensions.swift */; };
		B1473002BBBBBBBB00473002 /* RootView.swift in Sources */ = {isa = PBXBuildFile; fileRef = B1473012BBBBBBBB00473012 /* RootView.swift */; };
		B1473003BBBBBBBB00473003 /* MainView.swift in Sources */ = {isa = PBXBuildFile; fileRef = B1473013BBBBBBBB00473013 /* MainView.swift */; };
		B1473004BBBBBBBB00473004 /* CoreView.swift in Sources */ = {isa = PBXBuildFile; fileRef = B1473014BBBBBBBB00473014 /* CoreView.swift */; };
		B1473005BBBBBBBB00473005 /* LogMealView.swift in Sources */ = {isa = PBXBuildFile; fileRef = B1473015BBBBBBBB00473015 /* LogMealView.swift */; };
		B1473006BBBBBBBB00473006 /* DataView.swift in Sources */ = {isa = PBXBuildFile; fileRef = B1473016BBBBBBBB00473016 /* DataView.swift */; };
		B1473007BBBBBBBB00473007 /* OnboardingView.swift in Sources */ = {isa = PBXBuildFile; fileRef = B1473017BBBBBBBB00473017 /* OnboardingView.swift */; };
		B1000004BBBBBBBB00000004 /* Meal.swift in Sources */ = {isa = PBXBuildFile; fileRef = B1000014BBBBBBBB00000014 /* Meal.swift */; };
		B1000005BBBBBBBB00000005 /* UserSettings.swift in Sources */ = {isa = PBXBuildFile; fileRef = B1000015BBBBBBBB00000015 /* UserSettings.swift */; };
		B1000006BBBBBBBB00000006 /* AdherenceState.swift in Sources */ = {isa = PBXBuildFile; fileRef = B1000016BBBBBBBB00000016 /* AdherenceState.swift */; };
		B1000007BBBBBBBB00000007 /* MealSource.swift in Sources */ = {isa = PBXBuildFile; fileRef = B1000017BBBBBBBB00000017 /* MealSource.swift */; };
		B1000008BBBBBBBB00000008 /* DietaryGoal.swift in Sources */ = {isa = PBXBuildFile; fileRef = B1000018BBBBBBBB00000018 /* DietaryGoal.swift */; };
		B1000009BBBBBBBB00000009 /* CoreTier.swift in Sources */ = {isa = PBXBuildFile; fileRef = B1000019BBBBBBBB00000019 /* CoreTier.swift */; };
		B100000ABBBBBBBB0000000A /* PrivacyInfo.xcprivacy in Resources */ = {isa = PBXBuildFile; fileRef = B100001ABBBBBBBB0000001A /* PrivacyInfo.xcprivacy */; };
		B100000BBBBBBBBB0000000B /* ThrumiTests.swift in Sources */ = {isa = PBXBuildFile; fileRef = B100001BBBBBBBBB0000001B /* ThrumiTests.swift */; };
		B1000080BBBBBBBB00000080 /* MealService.swift in Sources */ = {isa = PBXBuildFile; fileRef = B1000090BBBBBBBB00000090 /* MealService.swift */; };
		B1000081BBBBBBBB00000081 /* AdherenceEngine.swift in Sources */ = {isa = PBXBuildFile; fileRef = B1000091BBBBBBBB00000091 /* AdherenceEngine.swift */; };
		B1000082BBBBBBBB00000082 /* UserPreferencesService.swift in Sources */ = {isa = PBXBuildFile; fileRef = B1000092BBBBBBBB00000092 /* UserPreferencesService.swift */; };
		B1000083BBBBBBBB00000083 /* ServiceTests.swift in Sources */ = {isa = PBXBuildFile; fileRef = B1000093BBBBBBBB00000093 /* ServiceTests.swift */; };
		B1474001BBBBBBBB00474001 /* CoreComponent.swift in Sources */ = {isa = PBXBuildFile; fileRef = B1474011BBBBBBBB00474011 /* CoreComponent.swift */; };
		B1474002BBBBBBBB00474002 /* FusionCoreScene.swift in Sources */ = {isa = PBXBuildFile; fileRef = B1474012BBBBBBBB00474012 /* FusionCoreScene.swift */; };
		B1474003BBBBBBBB00474003 /* FusionCoreView.swift in Sources */ = {isa = PBXBuildFile; fileRef = B1474013BBBBBBBB00474013 /* FusionCoreView.swift */; };
/* End PBXBuildFile section */

/* Begin PBXContainerItemProxy section */
		B100000CBBBBBBBB0000000C /* PBXContainerItemProxy */ = {
			isa = PBXContainerItemProxy;
			containerPortal = B1000000BBBBBBBB00000000 /* Project object */;
			proxyType = 1;
			remoteGlobalIDString = B1000050BBBBBBBB00000050;
			remoteInfo = Thrumi;
		};
/* End PBXContainerItemProxy section */

/* Begin PBXFileReference section */
		B1000011BBBBBBBB00000011 /* ThrumiApp.swift */ = {isa = PBXFileReference; lastKnownFileType = sourcecode.swift; path = ThrumiApp.swift; sourceTree = "<group>"; };
		B1000013BBBBBBBB00000013 /* Assets.xcassets */ = {isa = PBXFileReference; lastKnownFileType = folder.assetcatalog; path = Assets.xcassets; sourceTree = "<group>"; };
		B1473011BBBBBBBB00473011 /* Environment+Extensions.swift */ = {isa = PBXFileReference; lastKnownFileType = sourcecode.swift; path = "Environment+Extensions.swift"; sourceTree = "<group>"; };
		B1473012BBBBBBBB00473012 /* RootView.swift */ = {isa = PBXFileReference; lastKnownFileType = sourcecode.swift; path = RootView.swift; sourceTree = "<group>"; };
		B1473013BBBBBBBB00473013 /* MainView.swift */ = {isa = PBXFileReference; lastKnownFileType = sourcecode.swift; path = MainView.swift; sourceTree = "<group>"; };
		B1473014BBBBBBBB00473014 /* CoreView.swift */ = {isa = PBXFileReference; lastKnownFileType = sourcecode.swift; path = CoreView.swift; sourceTree = "<group>"; };
		B1473015BBBBBBBB00473015 /* LogMealView.swift */ = {isa = PBXFileReference; lastKnownFileType = sourcecode.swift; path = LogMealView.swift; sourceTree = "<group>"; };
		B1473016BBBBBBBB00473016 /* DataView.swift */ = {isa = PBXFileReference; lastKnownFileType = sourcecode.swift; path = DataView.swift; sourceTree = "<group>"; };
		B1473017BBBBBBBB00473017 /* OnboardingView.swift */ = {isa = PBXFileReference; lastKnownFileType = sourcecode.swift; path = OnboardingView.swift; sourceTree = "<group>"; };
		B1000014BBBBBBBB00000014 /* Meal.swift */ = {isa = PBXFileReference; lastKnownFileType = sourcecode.swift; path = Meal.swift; sourceTree = "<group>"; };
		B1000015BBBBBBBB00000015 /* UserSettings.swift */ = {isa = PBXFileReference; lastKnownFileType = sourcecode.swift; path = UserSettings.swift; sourceTree = "<group>"; };
		B1000016BBBBBBBB00000016 /* AdherenceState.swift */ = {isa = PBXFileReference; lastKnownFileType = sourcecode.swift; path = AdherenceState.swift; sourceTree = "<group>"; };
		B1000017BBBBBBBB00000017 /* MealSource.swift */ = {isa = PBXFileReference; lastKnownFileType = sourcecode.swift; path = MealSource.swift; sourceTree = "<group>"; };
		B1000018BBBBBBBB00000018 /* DietaryGoal.swift */ = {isa = PBXFileReference; lastKnownFileType = sourcecode.swift; path = DietaryGoal.swift; sourceTree = "<group>"; };
		B1000019BBBBBBBB00000019 /* CoreTier.swift */ = {isa = PBXFileReference; lastKnownFileType = sourcecode.swift; path = CoreTier.swift; sourceTree = "<group>"; };
		B100001ABBBBBBBB0000001A /* PrivacyInfo.xcprivacy */ = {isa = PBXFileReference; lastKnownFileType = text.xml; path = PrivacyInfo.xcprivacy; sourceTree = "<group>"; };
		B100001BBBBBBBBB0000001B /* ThrumiTests.swift */ = {isa = PBXFileReference; lastKnownFileType = sourcecode.swift; path = ThrumiTests.swift; sourceTree = "<group>"; };
		B100001CBBBBBBBB0000001C /* Info.plist */ = {isa = PBXFileReference; lastKnownFileType = text.plist.xml; path = Info.plist; sourceTree = "<group>"; };
		B1000020BBBBBBBB00000020 /* Thrumi.app */ = {isa = PBXFileReference; explicitFileType = wrapper.application; includeInIndex = 0; path = Thrumi.app; sourceTree = BUILT_PRODUCTS_DIR; };
		B1000021BBBBBBBB00000021 /* ThrumiTests.xctest */ = {isa = PBXFileReference; explicitFileType = wrapper.cfbundle; includeInIndex = 0; path = ThrumiTests.xctest; sourceTree = BUILT_PRODUCTS_DIR; };
		B1000090BBBBBBBB00000090 /* MealService.swift */ = {isa = PBXFileReference; lastKnownFileType = sourcecode.swift; path = MealService.swift; sourceTree = "<group>"; };
		B1000091BBBBBBBB00000091 /* AdherenceEngine.swift */ = {isa = PBXFileReference; lastKnownFileType = sourcecode.swift; path = AdherenceEngine.swift; sourceTree = "<group>"; };
		B1000092BBBBBBBB00000092 /* UserPreferencesService.swift */ = {isa = PBXFileReference; lastKnownFileType = sourcecode.swift; path = UserPreferencesService.swift; sourceTree = "<group>"; };
		B1000093BBBBBBBB00000093 /* ServiceTests.swift */ = {isa = PBXFileReference; lastKnownFileType = sourcecode.swift; path = ServiceTests.swift; sourceTree = "<group>"; };
		B1474011BBBBBBBB00474011 /* CoreComponent.swift */ = {isa = PBXFileReference; lastKnownFileType = sourcecode.swift; path = CoreComponent.swift; sourceTree = "<group>"; };
		B1474012BBBBBBBB00474012 /* FusionCoreScene.swift */ = {isa = PBXFileReference; lastKnownFileType = sourcecode.swift; path = FusionCoreScene.swift; sourceTree = "<group>"; };
		B1474013BBBBBBBB00474013 /* FusionCoreView.swift */ = {isa = PBXFileReference; lastKnownFileType = sourcecode.swift; path = FusionCoreView.swift; sourceTree = "<group>"; };
/* End PBXFileReference section */

/* Begin PBXFrameworksBuildPhase section */
		B1000030BBBBBBBB00000030 /* Frameworks */ = {
			isa = PBXFrameworksBuildPhase;
			buildActionMask = 2147483647;
			files = (
			);
			runOnlyForDeploymentPostprocessing = 0;
		};
		B1000031BBBBBBBB00000031 /* Frameworks */ = {
			isa = PBXFrameworksBuildPhase;
			buildActionMask = 2147483647;
			files = (
			);
			runOnlyForDeploymentPostprocessing = 0;
		};
/* End PBXFrameworksBuildPhase section */

/* Begin PBXGroup section */
		B1000040BBBBBBBB00000040 = {
			isa = PBXGroup;
			children = (
				B1000041BBBBBBBB00000041 /* Thrumi */,
				B1000042BBBBBBBB00000042 /* ThrumiTests */,
				B1000043BBBBBBBB00000043 /* Products */,
			);
			sourceTree = "<group>";
		};
		B1000041BBBBBBBB00000041 /* Thrumi */ = {
			isa = PBXGroup;
			children = (
				B1000044BBBBBBBB00000044 /* App */,
				B1000045BBBBBBBB00000045 /* Views */,
				B1000046BBBBBBBB00000046 /* Models */,
				B1000047BBBBBBBB00000047 /* Services */,
				B1000048BBBBBBBB00000048 /* 3D */,
				B1000049BBBBBBBB00000049 /* Resources */,
			);
			path = Thrumi;
			sourceTree = "<group>";
		};
		B1000042BBBBBBBB00000042 /* ThrumiTests */ = {
			isa = PBXGroup;
			children = (
				B100001BBBBBBBBB0000001B /* ThrumiTests.swift */,
				B1000093BBBBBBBB00000093 /* ServiceTests.swift */,
			);
			path = ThrumiTests;
			sourceTree = "<group>";
		};
		B1000043BBBBBBBB00000043 /* Products */ = {
			isa = PBXGroup;
			children = (
				B1000020BBBBBBBB00000020 /* Thrumi.app */,
				B1000021BBBBBBBB00000021 /* ThrumiTests.xctest */,
			);
			name = Products;
			sourceTree = "<group>";
		};
		B1000044BBBBBBBB00000044 /* App */ = {
			isa = PBXGroup;
			children = (
				B1000011BBBBBBBB00000011 /* ThrumiApp.swift */,
				B1473011BBBBBBBB00473011 /* Environment+Extensions.swift */,
			);
			path = App;
			sourceTree = "<group>";
		};
		B1000045BBBBBBBB00000045 /* Views */ = {
			isa = PBXGroup;
			children = (
				B1473012BBBBBBBB00473012 /* RootView.swift */,
				B1473013BBBBBBBB00473013 /* MainView.swift */,
				B1473014BBBBBBBB00473014 /* CoreView.swift */,
				B1473015BBBBBBBB00473015 /* LogMealView.swift */,
				B1473016BBBBBBBB00473016 /* DataView.swift */,
				B1473017BBBBBBBB00473017 /* OnboardingView.swift */,
			);
			path = Views;
			sourceTree = "<group>";
		};
		B1000046BBBBBBBB00000046 /* Models */ = {
			isa = PBXGroup;
			children = (
				B1000014BBBBBBBB00000014 /* Meal.swift */,
				B1000015BBBBBBBB00000015 /* UserSettings.swift */,
				B1000016BBBBBBBB00000016 /* AdherenceState.swift */,
				B1000017BBBBBBBB00000017 /* MealSource.swift */,
				B1000018BBBBBBBB00000018 /* DietaryGoal.swift */,
				B1000019BBBBBBBB00000019 /* CoreTier.swift */,
			);
			path = Models;
			sourceTree = "<group>";
		};
		B1000047BBBBBBBB00000047 /* Services */ = {
			isa = PBXGroup;
			children = (
				B1000090BBBBBBBB00000090 /* MealService.swift */,
				B1000091BBBBBBBB00000091 /* AdherenceEngine.swift */,
				B1000092BBBBBBBB00000092 /* UserPreferencesService.swift */,
			);
			path = Services;
			sourceTree = "<group>";
		};
		B1000048BBBBBBBB00000048 /* 3D */ = {
			isa = PBXGroup;
			children = (
				B1474011BBBBBBBB00474011 /* CoreComponent.swift */,
				B1474012BBBBBBBB00474012 /* FusionCoreScene.swift */,
				B1474013BBBBBBBB00474013 /* FusionCoreView.swift */,
			);
			path = 3D;
			sourceTree = "<group>";
		};
		B1000049BBBBBBBB00000049 /* Resources */ = {
			isa = PBXGroup;
			children = (
				B1000013BBBBBBBB00000013 /* Assets.xcassets */,
				B100001CBBBBBBBB0000001C /* Info.plist */,
				B100001ABBBBBBBB0000001A /* PrivacyInfo.xcprivacy */,
			);
			path = Resources;
			sourceTree = "<group>";
		};
/* End PBXGroup section */

/* Begin PBXNativeTarget section */
		B1000050BBBBBBBB00000050 /* Thrumi */ = {
			isa = PBXNativeTarget;
			buildConfigurationList = B1000060BBBBBBBB00000060 /* Build configuration list for PBXNativeTarget "Thrumi" */;
			buildPhases = (
				B1000051BBBBBBBB00000051 /* Sources */,
				B1000030BBBBBBBB00000030 /* Frameworks */,
				B1000052BBBBBBBB00000052 /* Resources */,
			);
			buildRules = (
			);
			dependencies = (
			);
			name = Thrumi;
			productName = Thrumi;
			productReference = B1000020BBBBBBBB00000020 /* Thrumi.app */;
			productType = "com.apple.product-type.application";
		};
		B1000053BBBBBBBB00000053 /* ThrumiTests */ = {
			isa = PBXNativeTarget;
			buildConfigurationList = B1000061BBBBBBBB00000061 /* Build configuration list for PBXNativeTarget "ThrumiTests" */;
			buildPhases = (
				B1000054BBBBBBBB00000054 /* Sources */,
				B1000031BBBBBBBB00000031 /* Frameworks */,
				B1000055BBBBBBBB00000055 /* Resources */,
			);
			buildRules = (
			);
			dependencies = (
				B100000DBBBBBBBB0000000D /* PBXTargetDependency */,
			);
			name = ThrumiTests;
			productName = ThrumiTests;
			productReference = B1000021BBBBBBBB00000021 /* ThrumiTests.xctest */;
			productType = "com.apple.product-type.bundle.unit-test";
		};
/* End PBXNativeTarget section */

/* Begin PBXProject section */
		B1000000BBBBBBBB00000000 /* Project object */ = {
			isa = PBXProject;
			attributes = {
				BuildIndependentTargetsInParallel = 1;
				LastSwiftUpdateCheck = 1620;
				LastUpgradeCheck = 1620;
				TargetAttributes = {
					B1000050BBBBBBBB00000050 = {
						CreatedOnToolsVersion = 16.2;
					};
					B1000053BBBBBBBB00000053 = {
						CreatedOnToolsVersion = 16.2;
						TestTargetID = B1000050BBBBBBBB00000050;
					};
				};
			};
			buildConfigurationList = B1000062BBBBBBBB00000062 /* Build configuration list for PBXProject "Thrumi" */;
			compatibilityVersion = "Xcode 14.0";
			developmentRegion = en;
			hasScannedForEncodings = 0;
			knownRegions = (
				en,
				Base,
			);
			mainGroup = B1000040BBBBBBBB00000040;
			productRefGroup = B1000043BBBBBBBB00000043 /* Products */;
			projectDirPath = "";
			projectRoot = "";
			targets = (
				B1000050BBBBBBBB00000050 /* Thrumi */,
				B1000053BBBBBBBB00000053 /* ThrumiTests */,
			);
		};
/* End PBXProject section */

/* Begin PBXResourcesBuildPhase section */
		B1000052BBBBBBBB00000052 /* Resources */ = {
			isa = PBXResourcesBuildPhase;
			buildActionMask = 2147483647;
			files = (
				B1000003BBBBBBBB00000003 /* Assets.xcassets in Resources */,
				B100000ABBBBBBBB0000000A /* PrivacyInfo.xcprivacy in Resources */,
			);
			runOnlyForDeploymentPostprocessing = 0;
		};
		B1000055BBBBBBBB00000055 /* Resources */ = {
			isa = PBXResourcesBuildPhase;
			buildActionMask = 2147483647;
			files = (
			);
			runOnlyForDeploymentPostprocessing = 0;
		};
/* End PBXResourcesBuildPhase section */

/* Begin PBXSourcesBuildPhase section */
		B1000051BBBBBBBB00000051 /* Sources */ = {
			isa = PBXSourcesBuildPhase;
			buildActionMask = 2147483647;
			files = (
				B1000001BBBBBBBB00000001 /* ThrumiApp.swift in Sources */,
				B1473001BBBBBBBB00473001 /* Environment+Extensions.swift in Sources */,
				B1473002BBBBBBBB00473002 /* RootView.swift in Sources */,
				B1473003BBBBBBBB00473003 /* MainView.swift in Sources */,
				B1473004BBBBBBBB00473004 /* CoreView.swift in Sources */,
				B1473005BBBBBBBB00473005 /* LogMealView.swift in Sources */,
				B1473006BBBBBBBB00473006 /* DataView.swift in Sources */,
				B1473007BBBBBBBB00473007 /* OnboardingView.swift in Sources */,
				B1000004BBBBBBBB00000004 /* Meal.swift in Sources */,
				B1000005BBBBBBBB00000005 /* UserSettings.swift in Sources */,
				B1000006BBBBBBBB00000006 /* AdherenceState.swift in Sources */,
				B1000007BBBBBBBB00000007 /* MealSource.swift in Sources */,
				B1000008BBBBBBBB00000008 /* DietaryGoal.swift in Sources */,
				B1000009BBBBBBBB00000009 /* CoreTier.swift in Sources */,
				B1000080BBBBBBBB00000080 /* MealService.swift in Sources */,
				B1000081BBBBBBBB00000081 /* AdherenceEngine.swift in Sources */,
				B1000082BBBBBBBB00000082 /* UserPreferencesService.swift in Sources */,
				B1474001BBBBBBBB00474001 /* CoreComponent.swift in Sources */,
				B1474002BBBBBBBB00474002 /* FusionCoreScene.swift in Sources */,
				B1474003BBBBBBBB00474003 /* FusionCoreView.swift in Sources */,
			);
			runOnlyForDeploymentPostprocessing = 0;
		};
		B1000054BBBBBBBB00000054 /* Sources */ = {
			isa = PBXSourcesBuildPhase;
			buildActionMask = 2147483647;
			files = (
				B100000BBBBBBBBB0000000B /* ThrumiTests.swift in Sources */,
				B1000083BBBBBBBB00000083 /* ServiceTests.swift in Sources */,
			);
			runOnlyForDeploymentPostprocessing = 0;
		};
/* End PBXSourcesBuildPhase section */

/* Begin PBXTargetDependency section */
		B100000DBBBBBBBB0000000D /* PBXTargetDependency */ = {
			isa = PBXTargetDependency;
			target = B1000050BBBBBBBB00000050 /* Thrumi */;
			targetProxy = B100000CBBBBBBBB0000000C /* PBXContainerItemProxy */;
		};
/* End PBXTargetDependency section */

/* Begin XCBuildConfiguration section */
		B1000070BBBBBBBB00000070 /* Debug */ = {
			isa = XCBuildConfiguration;
			buildSettings = {
				ALWAYS_SEARCH_USER_PATHS = NO;
				ASSETCATALOG_COMPILER_GENERATE_SWIFT_ASSET_SYMBOL_EXTENSIONS = YES;
				CLANG_ANALYZER_NONNULL = YES;
				CLANG_ANALYZER_NUMBER_OBJECT_CONVERSION = YES_AGGRESSIVE;
				CLANG_CXX_LANGUAGE_STANDARD = "gnu++20";
				CLANG_ENABLE_MODULES = YES;
				CLANG_ENABLE_OBJC_ARC = YES;
				CLANG_ENABLE_OBJC_WEAK = YES;
				CLANG_WARN_BLOCK_CAPTURE_AUTORELEASING = YES;
				CLANG_WARN_BOOL_CONVERSION = YES;
				CLANG_WARN_COMMA = YES;
				CLANG_WARN_CONSTANT_CONVERSION = YES;
				CLANG_WARN_DEPRECATED_OBJC_IMPLEMENTATIONS = YES;
				CLANG_WARN_DIRECT_OBJC_ISA_USAGE = YES_ERROR;
				CLANG_WARN_DOCUMENTATION_COMMENTS = YES;
				CLANG_WARN_EMPTY_BODY = YES;
				CLANG_WARN_ENUM_CONVERSION = YES;
				CLANG_WARN_INFINITE_RECURSION = YES;
				CLANG_WARN_INT_CONVERSION = YES;
				CLANG_WARN_NON_LITERAL_NULL_CONVERSION = YES;
				CLANG_WARN_OBJC_IMPLICIT_RETAIN_SELF = YES;
				CLANG_WARN_OBJC_LITERAL_CONVERSION = YES;
				CLANG_WARN_OBJC_ROOT_CLASS = YES_ERROR;
				CLANG_WARN_QUOTED_INCLUDE_IN_FRAMEWORK_HEADER = YES;
				CLANG_WARN_RANGE_LOOP_ANALYSIS = YES;
				CLANG_WARN_STRICT_PROTOTYPES = YES;
				CLANG_WARN_SUSPICIOUS_MOVE = YES;
				CLANG_WARN_UNGUARDED_AVAILABILITY = YES_AGGRESSIVE;
				CLANG_WARN_UNREACHABLE_CODE = YES;
				CLANG_WARN__DUPLICATE_METHOD_MATCH = YES;
				COPY_PHASE_STRIP = NO;
				DEBUG_INFORMATION_FORMAT = dwarf;
				ENABLE_STRICT_OBJC_MSGSEND = YES;
				ENABLE_TESTABILITY = YES;
				ENABLE_USER_SCRIPT_SANDBOXING = YES;
				GCC_C_LANGUAGE_STANDARD = gnu17;
				GCC_DYNAMIC_NO_PIC = NO;
				GCC_NO_COMMON_BLOCKS = YES;
				GCC_OPTIMIZATION_LEVEL = 0;
				GCC_PREPROCESSOR_DEFINITIONS = (
					"DEBUG=1",
					"$(inherited)",
				);
				GCC_WARN_64_TO_32_BIT_CONVERSION = YES;
				GCC_WARN_ABOUT_RETURN_TYPE = YES_ERROR;
				GCC_WARN_UNDECLARED_SELECTOR = YES;
				GCC_WARN_UNINITIALIZED_AUTOS = YES_AGGRESSIVE;
				GCC_WARN_UNUSED_FUNCTION = YES;
				GCC_WARN_UNUSED_VARIABLE = YES;
				IPHONEOS_DEPLOYMENT_TARGET = 18.0;
				LOCALIZATION_PREFERS_STRING_CATALOGS = YES;
				MTL_ENABLE_DEBUG_INFO = INCLUDE_SOURCE;
				MTL_FAST_MATH = YES;
				ONLY_ACTIVE_ARCH = YES;
				SDKROOT = iphoneos;
				SWIFT_ACTIVE_COMPILATION_CONDITIONS = "DEBUG $(inherited)";
				SWIFT_OPTIMIZATION_LEVEL = "-Onone";
				SWIFT_VERSION = 6.0;
			};
			name = Debug;
		};
		B1000071BBBBBBBB00000071 /* Release */ = {
			isa = XCBuildConfiguration;
			buildSettings = {
				ALWAYS_SEARCH_USER_PATHS = NO;
				ASSETCATALOG_COMPILER_GENERATE_SWIFT_ASSET_SYMBOL_EXTENSIONS = YES;
				CLANG_ANALYZER_NONNULL = YES;
				CLANG_ANALYZER_NUMBER_OBJECT_CONVERSION = YES_AGGRESSIVE;
				CLANG_CXX_LANGUAGE_STANDARD = "gnu++20";
				CLANG_ENABLE_MODULES = YES;
				CLANG_ENABLE_OBJC_ARC = YES;
				CLANG_ENABLE_OBJC_WEAK = YES;
				CLANG_WARN_BLOCK_CAPTURE_AUTORELEASING = YES;
				CLANG_WARN_BOOL_CONVERSION = YES;
				CLANG_WARN_COMMA = YES;
				CLANG_WARN_CONSTANT_CONVERSION = YES;
				CLANG_WARN_DEPRECATED_OBJC_IMPLEMENTATIONS = YES;
				CLANG_WARN_DIRECT_OBJC_ISA_USAGE = YES_ERROR;
				CLANG_WARN_DOCUMENTATION_COMMENTS = YES;
				CLANG_WARN_EMPTY_BODY = YES;
				CLANG_WARN_ENUM_CONVERSION = YES;
				CLANG_WARN_INFINITE_RECURSION = YES;
				CLANG_WARN_INT_CONVERSION = YES;
				CLANG_WARN_NON_LITERAL_NULL_CONVERSION = YES;
				CLANG_WARN_OBJC_IMPLICIT_RETAIN_SELF = YES;
				CLANG_WARN_OBJC_LITERAL_CONVERSION = YES;
				CLANG_WARN_OBJC_ROOT_CLASS = YES_ERROR;
				CLANG_WARN_QUOTED_INCLUDE_IN_FRAMEWORK_HEADER = YES;
				CLANG_WARN_RANGE_LOOP_ANALYSIS = YES;
				CLANG_WARN_STRICT_PROTOTYPES = YES;
				CLANG_WARN_SUSPICIOUS_MOVE = YES;
				CLANG_WARN_UNGUARDED_AVAILABILITY = YES_AGGRESSIVE;
				CLANG_WARN_UNREACHABLE_CODE = YES;
				CLANG_WARN__DUPLICATE_METHOD_MATCH = YES;
				COPY_PHASE_STRIP = NO;
				DEBUG_INFORMATION_FORMAT = "dwarf-with-dsym";
				ENABLE_NS_ASSERTIONS = NO;
				ENABLE_STRICT_OBJC_MSGSEND = YES;
				ENABLE_USER_SCRIPT_SANDBOXING = YES;
				GCC_C_LANGUAGE_STANDARD = gnu17;
				GCC_NO_COMMON_BLOCKS = YES;
				GCC_WARN_64_TO_32_BIT_CONVERSION = YES;
				GCC_WARN_ABOUT_RETURN_TYPE = YES_ERROR;
				GCC_WARN_UNDECLARED_SELECTOR = YES;
				GCC_WARN_UNINITIALIZED_AUTOS = YES_AGGRESSIVE;
				GCC_WARN_UNUSED_FUNCTION = YES;
				GCC_WARN_UNUSED_VARIABLE = YES;
				IPHONEOS_DEPLOYMENT_TARGET = 18.0;
				LOCALIZATION_PREFERS_STRING_CATALOGS = YES;
				MTL_ENABLE_DEBUG_INFO = NO;
				MTL_FAST_MATH = YES;
				SDKROOT = iphoneos;
				SWIFT_COMPILATION_MODE = wholemodule;
				SWIFT_VERSION = 6.0;
				VALIDATE_PRODUCT = YES;
			};
			name = Release;
		};
		B1000072BBBBBBBB00000072 /* Debug */ = {
			isa = XCBuildConfiguration;
			buildSettings = {
				ASSETCATALOG_COMPILER_APPICON_NAME = AppIcon;
				ASSETCATALOG_COMPILER_GLOBAL_ACCENT_COLOR_NAME = AccentColor;
				CODE_SIGN_STYLE = Automatic;
				CURRENT_PROJECT_VERSION = 1;
				DEVELOPMENT_ASSET_PATHS = "";
				ENABLE_PREVIEWS = YES;
				GENERATE_INFOPLIST_FILE = YES;
				INFOPLIST_FILE = Thrumi/Resources/Info.plist;
				INFOPLIST_KEY_CFBundleDisplayName = Thrumi;
				INFOPLIST_KEY_LSApplicationCategoryType = "public.app-category.healthcare-fitness";
				INFOPLIST_KEY_UIApplicationSceneManifest_Generation = YES;
				INFOPLIST_KEY_UIApplicationSupportsIndirectInputEvents = YES;
				INFOPLIST_KEY_UILaunchScreen_Generation = YES;
				INFOPLIST_KEY_UISupportedInterfaceOrientations_iPad = "UIInterfaceOrientationPortrait UIInterfaceOrientationPortraitUpsideDown UIInterfaceOrientationLandscapeLeft UIInterfaceOrientationLandscapeRight";
				INFOPLIST_KEY_UISupportedInterfaceOrientations_iPhone = "UIInterfaceOrientationPortrait UIInterfaceOrientationLandscapeLeft UIInterfaceOrientationLandscapeRight";
				LD_RUNPATH_SEARCH_PATHS = (
					"$(inherited)",
					"@executable_path/Frameworks",
				);
				MARKETING_VERSION = 1.0;
				PRODUCT_BUNDLE_IDENTIFIER = com.thrumi.app;
				PRODUCT_NAME = "$(TARGET_NAME)";
				SWIFT_EMIT_LOC_STRINGS = YES;
				SWIFT_VERSION = 6.0;
				TARGETED_DEVICE_FAMILY = "1,2";
			};
			name = Debug;
		};
		B1000073BBBBBBBB00000073 /* Release */ = {
			isa = XCBuildConfiguration;
			buildSettings = {
				ASSETCATALOG_COMPILER_APPICON_NAME = AppIcon;
				ASSETCATALOG_COMPILER_GLOBAL_ACCENT_COLOR_NAME = AccentColor;
				CODE_SIGN_STYLE = Automatic;
				CURRENT_PROJECT_VERSION = 1;
				DEVELOPMENT_ASSET_PATHS = "";
				ENABLE_PREVIEWS = YES;
				GENERATE_INFOPLIST_FILE = YES;
				INFOPLIST_FILE = Thrumi/Resources/Info.plist;
				INFOPLIST_KEY_CFBundleDisplayName = Thrumi;
				INFOPLIST_KEY_LSApplicationCategoryType = "public.app-category.healthcare-fitness";
				INFOPLIST_KEY_UIApplicationSceneManifest_Generation = YES;
				INFOPLIST_KEY_UIApplicationSupportsIndirectInputEvents = YES;
				INFOPLIST_KEY_UILaunchScreen_Generation = YES;
				INFOPLIST_KEY_UISupportedInterfaceOrientations_iPad = "UIInterfaceOrientationPortrait UIInterfaceOrientationPortraitUpsideDown UIInterfaceOrientationLandscapeLeft UIInterfaceOrientationLandscapeRight";
				INFOPLIST_KEY_UISupportedInterfaceOrientations_iPhone = "UIInterfaceOrientationPortrait UIInterfaceOrientationLandscapeLeft UIInterfaceOrientationLandscapeRight";
				LD_RUNPATH_SEARCH_PATHS = (
					"$(inherited)",
					"@executable_path/Frameworks",
				);
				MARKETING_VERSION = 1.0;
				PRODUCT_BUNDLE_IDENTIFIER = com.thrumi.app;
				PRODUCT_NAME = "$(TARGET_NAME)";
				SWIFT_EMIT_LOC_STRINGS = YES;
				SWIFT_VERSION = 6.0;
				TARGETED_DEVICE_FAMILY = "1,2";
			};
			name = Release;
		};
		B1000074BBBBBBBB00000074 /* Debug */ = {
			isa = XCBuildConfiguration;
			buildSettings = {
				BUNDLE_LOADER = "$(TEST_HOST)";
				CODE_SIGN_STYLE = Automatic;
				CURRENT_PROJECT_VERSION = 1;
				GENERATE_INFOPLIST_FILE = YES;
				IPHONEOS_DEPLOYMENT_TARGET = 18.0;
				MARKETING_VERSION = 1.0;
				PRODUCT_BUNDLE_IDENTIFIER = com.thrumi.ThrumiTests;
				PRODUCT_NAME = "$(TARGET_NAME)";
				SWIFT_EMIT_LOC_STRINGS = NO;
				SWIFT_VERSION = 6.0;
				TARGETED_DEVICE_FAMILY = "1,2";
				TEST_HOST = "$(BUILT_PRODUCTS_DIR)/Thrumi.app/$(BUNDLE_EXECUTABLE_FOLDER_PATH)/Thrumi";
			};
			name = Debug;
		};
		B1000075BBBBBBBB00000075 /* Release */ = {
			isa = XCBuildConfiguration;
			buildSettings = {
				BUNDLE_LOADER = "$(TEST_HOST)";
				CODE_SIGN_STYLE = Automatic;
				CURRENT_PROJECT_VERSION = 1;
				GENERATE_INFOPLIST_FILE = YES;
				IPHONEOS_DEPLOYMENT_TARGET = 18.0;
				MARKETING_VERSION = 1.0;
				PRODUCT_BUNDLE_IDENTIFIER = com.thrumi.ThrumiTests;
				PRODUCT_NAME = "$(TARGET_NAME)";
				SWIFT_EMIT_LOC_STRINGS = NO;
				SWIFT_VERSION = 6.0;
				TARGETED_DEVICE_FAMILY = "1,2";
				TEST_HOST = "$(BUILT_PRODUCTS_DIR)/Thrumi.app/$(BUNDLE_EXECUTABLE_FOLDER_PATH)/Thrumi";
			};
			name = Release;
		};
/* End XCBuildConfiguration section */

/* Begin XCConfigurationList section */
		B1000060BBBBBBBB00000060 /* Build configuration list for PBXNativeTarget "Thrumi" */ = {
			isa = XCConfigurationList;
			buildConfigurations = (
				B1000072BBBBBBBB00000072 /* Debug */,
				B1000073BBBBBBBB00000073 /* Release */,
			);
			defaultConfigurationIsVisible = 0;
			defaultConfigurationName = Release;
		};
		B1000061BBBBBBBB00000061 /* Build configuration list for PBXNativeTarget "ThrumiTests" */ = {
			isa = XCConfigurationList;
			buildConfigurations = (
				B1000074BBBBBBBB00000074 /* Debug */,
				B1000075BBBBBBBB00000075 /* Release */,
			);
			defaultConfigurationIsVisible = 0;
			defaultConfigurationName = Release;
		};
		B1000062BBBBBBBB00000062 /* Build configuration list for PBXProject "Thrumi" */ = {
			isa = XCConfigurationList;
			buildConfigurations = (
				B1000070BBBBBBBB00000070 /* Debug */,
				B1000071BBBBBBBB00000071 /* Release */,
			);
			defaultConfigurationIsVisible = 0;
			defaultConfigurationName = Release;
		};
/* End XCConfigurationList section */
	};
	rootObject = B1000000BBBBBBBB00000000 /* Project object */;
}
